// !$*UTF8*$!
{
	archiveVersion = 1;
	classes = {
	};
	objectVersion = 46;
	objects = {

/* Begin PBXBuildFile section */
		6E06327E14714DC9008A3C15 /* CoreGraphics.framework in Frameworks */ = {isa = PBXBuildFile; fileRef = 6E06327D14714DC9008A3C15 /* CoreGraphics.framework */; };
		6E60D0C41434CF4600E175EC /* PRPRecipesDocument.m in Sources */ = {isa = PBXBuildFile; fileRef = 6E60D0C31434CF4600E175EC /* PRPRecipesDocument.m */; };
		6E726117142769A9009B7B86 /* TapToChoose.png in Resources */ = {isa = PBXBuildFile; fileRef = 6E726116142769A9009B7B86 /* TapToChoose.png */; };
		6EA3022114472C3800A47F7E /* MessageUI.framework in Frameworks */ = {isa = PBXBuildFile; fileRef = 6EA3022014472C3800A47F7E /* MessageUI.framework */; };
		6EC3F65A1401324400B8CAC7 /* PRPRecipeEditorViewController.m in Sources */ = {isa = PBXBuildFile; fileRef = 6EC3F6591401324400B8CAC7 /* PRPRecipeEditorViewController.m */; };
		6EC6E69C13FB522C00DB4C3A /* UIKit.framework in Frameworks */ = {isa = PBXBuildFile; fileRef = 6EC6E69B13FB522C00DB4C3A /* UIKit.framework */; };
		6EC6E69E13FB522C00DB4C3A /* Foundation.framework in Frameworks */ = {isa = PBXBuildFile; fileRef = 6EC6E69D13FB522C00DB4C3A /* Foundation.framework */; };
		6EC6E6A413FB522C00DB4C3A /* InfoPlist.strings in Resources */ = {isa = PBXBuildFile; fileRef = 6EC6E6A213FB522C00DB4C3A /* InfoPlist.strings */; };
		6EC6E6A613FB522C00DB4C3A /* main.m in Sources */ = {isa = PBXBuildFile; fileRef = 6EC6E6A513FB522C00DB4C3A /* main.m */; };
		6EC6E6AA13FB522C00DB4C3A /* PRPAppDelegate.m in Sources */ = {isa = PBXBuildFile; fileRef = 6EC6E6A913FB522C00DB4C3A /* PRPAppDelegate.m */; };
		6EC6E6C413FB526A00DB4C3A /* IMG_1948.jpg in Resources */ = {isa = PBXBuildFile; fileRef = 6EC6E6BA13FB526A00DB4C3A /* IMG_1948.jpg */; };
		6EC6E6C513FB526A00DB4C3A /* PRPRecipe.m in Sources */ = {isa = PBXBuildFile; fileRef = 6EC6E6BC13FB526A00DB4C3A /* PRPRecipe.m */; };
		6EC6E6C613FB526A00DB4C3A /* PRPRecipesListViewController.m in Sources */ = {isa = PBXBuildFile; fileRef = 6EC6E6BF13FB526A00DB4C3A /* PRPRecipesListViewController.m */; };
		6EC6E6C813FB526A00DB4C3A /* PRPViewController.m in Sources */ = {isa = PBXBuildFile; fileRef = 6EC6E6C313FB526A00DB4C3A /* PRPViewController.m */; };
		6EC6E6CB13FB528C00DB4C3A /* MainStoryboard.storyboard in Resources */ = {isa = PBXBuildFile; fileRef = 6EC6E6CA13FB528C00DB4C3A /* MainStoryboard.storyboard */; };
		6EFF7F4C1403CCF20090D802 /* PRPDirectionsEditorViewController.m in Sources */ = {isa = PBXBuildFile; fileRef = 6EFF7F4B1403CCF20090D802 /* PRPDirectionsEditorViewController.m */; };
		A79E36EF15BD9EF000FAE3E0 /* SenTestingKit.framework in Frameworks */ = {isa = PBXBuildFile; fileRef = A79E36EE15BD9EF000FAE3E0 /* SenTestingKit.framework */; };
		A79E36F015BD9EF000FAE3E0 /* UIKit.framework in Frameworks */ = {isa = PBXBuildFile; fileRef = 6EC6E69B13FB522C00DB4C3A /* UIKit.framework */; };
		A79E36F115BD9EF000FAE3E0 /* Foundation.framework in Frameworks */ = {isa = PBXBuildFile; fileRef = 6EC6E69D13FB522C00DB4C3A /* Foundation.framework */; };
		A79E36F715BD9EF000FAE3E0 /* InfoPlist.strings in Resources */ = {isa = PBXBuildFile; fileRef = A79E36F515BD9EF000FAE3E0 /* InfoPlist.strings */; };
		A79E36FA15BD9EF000FAE3E0 /* RecipeUnitTests.m in Sources */ = {isa = PBXBuildFile; fileRef = A79E36F915BD9EF000FAE3E0 /* RecipeUnitTests.m */; };
		A7D492AA15B988E0001B46EE /* wood.png in Resources */ = {isa = PBXBuildFile; fileRef = A7D492A915B988E0001B46EE /* wood.png */; };
		A7D492AD15B9A754001B46EE /* QuartzCore.framework in Frameworks */ = {isa = PBXBuildFile; fileRef = A7D492AC15B9A754001B46EE /* QuartzCore.framework */; };
/* End PBXBuildFile section */

/* Begin PBXContainerItemProxy section */
		A79E370015BDA16C00FAE3E0 /* PBXContainerItemProxy */ = {
			isa = PBXContainerItemProxy;
			containerPortal = 6EC6E68E13FB522C00DB4C3A /* Project object */;
			proxyType = 1;
			remoteGlobalIDString = 6EC6E69613FB522C00DB4C3A;
			remoteInfo = Recipes;
		};
/* End PBXContainerItemProxy section */

/* Begin PBXFileReference section */
		6E06327D14714DC9008A3C15 /* CoreGraphics.framework */ = {isa = PBXFileReference; lastKnownFileType = wrapper.framework; name = CoreGraphics.framework; path = System/Library/Frameworks/CoreGraphics.framework; sourceTree = SDKROOT; };
		6E45226214278BA600A7C348 /* Recipes-Info.plist */ = {isa = PBXFileReference; lastKnownFileType = text.plist.xml; path = "Recipes-Info.plist"; sourceTree = "<group>"; };
		6E60D0C21434CF4600E175EC /* PRPRecipesDocument.h */ = {isa = PBXFileReference; fileEncoding = 4; lastKnownFileType = sourcecode.c.h; path = PRPRecipesDocument.h; sourceTree = "<group>"; };
		6E60D0C31434CF4600E175EC /* PRPRecipesDocument.m */ = {isa = PBXFileReference; fileEncoding = 4; lastKnownFileType = sourcecode.c.objc; path = PRPRecipesDocument.m; sourceTree = "<group>"; };
		6E726116142769A9009B7B86 /* TapToChoose.png */ = {isa = PBXFileReference; lastKnownFileType = image.png; path = TapToChoose.png; sourceTree = "<group>"; };
		6EA3022014472C3800A47F7E /* MessageUI.framework */ = {isa = PBXFileReference; lastKnownFileType = wrapper.framework; name = MessageUI.framework; path = System/Library/Frameworks/MessageUI.framework; sourceTree = SDKROOT; };
		6EC3F6581401324400B8CAC7 /* PRPRecipeEditorViewController.h */ = {isa = PBXFileReference; fileEncoding = 4; lastKnownFileType = sourcecode.c.h; path = PRPRecipeEditorViewController.h; sourceTree = "<group>"; };
		6EC3F6591401324400B8CAC7 /* PRPRecipeEditorViewController.m */ = {isa = PBXFileReference; fileEncoding = 4; lastKnownFileType = sourcecode.c.objc; path = PRPRecipeEditorViewController.m; sourceTree = "<group>"; };
		6EC6E69713FB522C00DB4C3A /* Recipes.app */ = {isa = PBXFileReference; explicitFileType = wrapper.application; includeInIndex = 0; path = Recipes.app; sourceTree = BUILT_PRODUCTS_DIR; };
		6EC6E69B13FB522C00DB4C3A /* UIKit.framework */ = {isa = PBXFileReference; lastKnownFileType = wrapper.framework; name = UIKit.framework; path = System/Library/Frameworks/UIKit.framework; sourceTree = SDKROOT; };
		6EC6E69D13FB522C00DB4C3A /* Foundation.framework */ = {isa = PBXFileReference; lastKnownFileType = wrapper.framework; name = Foundation.framework; path = System/Library/Frameworks/Foundation.framework; sourceTree = SDKROOT; };
		6EC6E6A313FB522C00DB4C3A /* en */ = {isa = PBXFileReference; lastKnownFileType = text.plist.strings; name = en; path = en.lproj/InfoPlist.strings; sourceTree = "<group>"; };
		6EC6E6A513FB522C00DB4C3A /* main.m */ = {isa = PBXFileReference; lastKnownFileType = sourcecode.c.objc; path = main.m; sourceTree = "<group>"; };
		6EC6E6A713FB522C00DB4C3A /* Recipes-Prefix.pch */ = {isa = PBXFileReference; lastKnownFileType = sourcecode.c.h; path = "Recipes-Prefix.pch"; sourceTree = "<group>"; };
		6EC6E6A813FB522C00DB4C3A /* PRPAppDelegate.h */ = {isa = PBXFileReference; lastKnownFileType = sourcecode.c.h; path = PRPAppDelegate.h; sourceTree = "<group>"; };
		6EC6E6A913FB522C00DB4C3A /* PRPAppDelegate.m */ = {isa = PBXFileReference; lastKnownFileType = sourcecode.c.objc; path = PRPAppDelegate.m; sourceTree = "<group>"; };
		6EC6E6BA13FB526A00DB4C3A /* IMG_1948.jpg */ = {isa = PBXFileReference; lastKnownFileType = image.jpeg; path = IMG_1948.jpg; sourceTree = "<group>"; };
		6EC6E6BB13FB526A00DB4C3A /* PRPRecipe.h */ = {isa = PBXFileReference; fileEncoding = 4; lastKnownFileType = sourcecode.c.h; path = PRPRecipe.h; sourceTree = "<group>"; };
		6EC6E6BC13FB526A00DB4C3A /* PRPRecipe.m */ = {isa = PBXFileReference; fileEncoding = 4; lastKnownFileType = sourcecode.c.objc; path = PRPRecipe.m; sourceTree = "<group>"; };
		6EC6E6BD13FB526A00DB4C3A /* PRPRecipesListDataSource.h */ = {isa = PBXFileReference; fileEncoding = 4; lastKnownFileType = sourcecode.c.h; path = PRPRecipesListDataSource.h; sourceTree = "<group>"; };
		6EC6E6BE13FB526A00DB4C3A /* PRPRecipesListViewController.h */ = {isa = PBXFileReference; fileEncoding = 4; lastKnownFileType = sourcecode.c.h; path = PRPRecipesListViewController.h; sourceTree = "<group>"; };
		6EC6E6BF13FB526A00DB4C3A /* PRPRecipesListViewController.m */ = {isa = PBXFileReference; fileEncoding = 4; lastKnownFileType = sourcecode.c.objc; path = PRPRecipesListViewController.m; sourceTree = "<group>"; };
		6EC6E6C213FB526A00DB4C3A /* PRPViewController.h */ = {isa = PBXFileReference; fileEncoding = 4; lastKnownFileType = sourcecode.c.h; path = PRPViewController.h; sourceTree = "<group>"; };
		6EC6E6C313FB526A00DB4C3A /* PRPViewController.m */ = {isa = PBXFileReference; fileEncoding = 4; lastKnownFileType = sourcecode.c.objc; path = PRPViewController.m; sourceTree = "<group>"; };
		6EC6E6CA13FB528C00DB4C3A /* MainStoryboard.storyboard */ = {isa = PBXFileReference; lastKnownFileType = file.storyboard; path = MainStoryboard.storyboard; sourceTree = "<group>"; };
		6EDD0D5A143AA1A7005ABC5C /* PRPRecipeEditorDelegate.h */ = {isa = PBXFileReference; fileEncoding = 4; lastKnownFileType = sourcecode.c.h; path = PRPRecipeEditorDelegate.h; sourceTree = "<group>"; };
		6EDD0D72143C87B7005ABC5C /* PRPDirectionsEditorDelegate.h */ = {isa = PBXFileReference; fileEncoding = 4; lastKnownFileType = sourcecode.c.h; path = PRPDirectionsEditorDelegate.h; sourceTree = "<group>"; };
		6EFF7F4A1403CCF20090D802 /* PRPDirectionsEditorViewController.h */ = {isa = PBXFileReference; fileEncoding = 4; lastKnownFileType = sourcecode.c.h; path = PRPDirectionsEditorViewController.h; sourceTree = "<group>"; };
		6EFF7F4B1403CCF20090D802 /* PRPDirectionsEditorViewController.m */ = {isa = PBXFileReference; fileEncoding = 4; lastKnownFileType = sourcecode.c.objc; path = PRPDirectionsEditorViewController.m; sourceTree = "<group>"; };
		A79E36ED15BD9EF000FAE3E0 /* RecipeUnitTests.octest */ = {isa = PBXFileReference; explicitFileType = wrapper.cfbundle; includeInIndex = 0; path = RecipeUnitTests.octest; sourceTree = BUILT_PRODUCTS_DIR; };
		A79E36EE15BD9EF000FAE3E0 /* SenTestingKit.framework */ = {isa = PBXFileReference; lastKnownFileType = wrapper.framework; name = SenTestingKit.framework; path = Library/Frameworks/SenTestingKit.framework; sourceTree = DEVELOPER_DIR; };
		A79E36F415BD9EF000FAE3E0 /* RecipeUnitTests-Info.plist */ = {isa = PBXFileReference; lastKnownFileType = text.plist.xml; path = "RecipeUnitTests-Info.plist"; sourceTree = "<group>"; };
		A79E36F615BD9EF000FAE3E0 /* en */ = {isa = PBXFileReference; lastKnownFileType = text.plist.strings; name = en; path = en.lproj/InfoPlist.strings; sourceTree = "<group>"; };
		A79E36F815BD9EF000FAE3E0 /* RecipeUnitTests.h */ = {isa = PBXFileReference; lastKnownFileType = sourcecode.c.h; path = RecipeUnitTests.h; sourceTree = "<group>"; };
		A79E36F915BD9EF000FAE3E0 /* RecipeUnitTests.m */ = {isa = PBXFileReference; lastKnownFileType = sourcecode.c.objc; path = RecipeUnitTests.m; sourceTree = "<group>"; };
		A79E36FB15BD9EF000FAE3E0 /* RecipeUnitTests-Prefix.pch */ = {isa = PBXFileReference; lastKnownFileType = sourcecode.c.h; path = "RecipeUnitTests-Prefix.pch"; sourceTree = "<group>"; };
		A7D492A915B988E0001B46EE /* wood.png */ = {isa = PBXFileReference; lastKnownFileType = image.png; path = wood.png; sourceTree = "<group>"; };
		A7D492AC15B9A754001B46EE /* QuartzCore.framework */ = {isa = PBXFileReference; lastKnownFileType = wrapper.framework; name = QuartzCore.framework; path = System/Library/Frameworks/QuartzCore.framework; sourceTree = SDKROOT; };
/* End PBXFileReference section */

/* Begin PBXFrameworksBuildPhase section */
		6EC6E69413FB522C00DB4C3A /* Frameworks */ = {
			isa = PBXFrameworksBuildPhase;
			buildActionMask = 2147483647;
			files = (
				A7D492AD15B9A754001B46EE /* QuartzCore.framework in Frameworks */,
				6E06327E14714DC9008A3C15 /* CoreGraphics.framework in Frameworks */,
				6EA3022114472C3800A47F7E /* MessageUI.framework in Frameworks */,
				6EC6E69C13FB522C00DB4C3A /* UIKit.framework in Frameworks */,
				6EC6E69E13FB522C00DB4C3A /* Foundation.framework in Frameworks */,
			);
			runOnlyForDeploymentPostprocessing = 0;
		};
		A79E36E915BD9EF000FAE3E0 /* Frameworks */ = {
			isa = PBXFrameworksBuildPhase;
			buildActionMask = 2147483647;
			files = (
				A79E36EF15BD9EF000FAE3E0 /* SenTestingKit.framework in Frameworks */,
				A79E36F015BD9EF000FAE3E0 /* UIKit.framework in Frameworks */,
				A79E36F115BD9EF000FAE3E0 /* Foundation.framework in Frameworks */,
			);
			runOnlyForDeploymentPostprocessing = 0;
		};
/* End PBXFrameworksBuildPhase section */

/* Begin PBXGroup section */
		6EC6E68C13FB522C00DB4C3A = {
			isa = PBXGroup;
			children = (
				6EC6E69F13FB522C00DB4C3A /* Recipes */,
				A79E36F215BD9EF000FAE3E0 /* RecipeUnitTests */,
				6EC6E69A13FB522C00DB4C3A /* Frameworks */,
				6EC6E69813FB522C00DB4C3A /* Products */,
			);
			sourceTree = "<group>";
		};
		6EC6E69813FB522C00DB4C3A /* Products */ = {
			isa = PBXGroup;
			children = (
				6EC6E69713FB522C00DB4C3A /* Recipes.app */,
				A79E36ED15BD9EF000FAE3E0 /* RecipeUnitTests.octest */,
			);
			name = Products;
			sourceTree = "<group>";
		};
		6EC6E69A13FB522C00DB4C3A /* Frameworks */ = {
			isa = PBXGroup;
			children = (
				A7D492AC15B9A754001B46EE /* QuartzCore.framework */,
				6E06327D14714DC9008A3C15 /* CoreGraphics.framework */,
				6EA3022014472C3800A47F7E /* MessageUI.framework */,
				6EC6E69B13FB522C00DB4C3A /* UIKit.framework */,
				6EC6E69D13FB522C00DB4C3A /* Foundation.framework */,
				A79E36EE15BD9EF000FAE3E0 /* SenTestingKit.framework */,
			);
			name = Frameworks;
			sourceTree = "<group>";
		};
		6EC6E69F13FB522C00DB4C3A /* Recipes */ = {
			isa = PBXGroup;
			children = (
				6E726116142769A9009B7B86 /* TapToChoose.png */,
				6EC6E6BA13FB526A00DB4C3A /* IMG_1948.jpg */,
				A7D492A915B988E0001B46EE /* wood.png */,
				6EC6E6BB13FB526A00DB4C3A /* PRPRecipe.h */,
				6EC6E6BC13FB526A00DB4C3A /* PRPRecipe.m */,
				6EC6E6BD13FB526A00DB4C3A /* PRPRecipesListDataSource.h */,
				6EC6E6BE13FB526A00DB4C3A /* PRPRecipesListViewController.h */,
				6EC6E6BF13FB526A00DB4C3A /* PRPRecipesListViewController.m */,
				6EC6E6C213FB526A00DB4C3A /* PRPViewController.h */,
				6EC6E6C313FB526A00DB4C3A /* PRPViewController.m */,
				6EC6E6A813FB522C00DB4C3A /* PRPAppDelegate.h */,
				6EC6E6A913FB522C00DB4C3A /* PRPAppDelegate.m */,
				6EC6E6CA13FB528C00DB4C3A /* MainStoryboard.storyboard */,
				6EC6E6A013FB522C00DB4C3A /* Supporting Files */,
				6EC3F6581401324400B8CAC7 /* PRPRecipeEditorViewController.h */,
				6EC3F6591401324400B8CAC7 /* PRPRecipeEditorViewController.m */,
				6EDD0D72143C87B7005ABC5C /* PRPDirectionsEditorDelegate.h */,
				6EFF7F4A1403CCF20090D802 /* PRPDirectionsEditorViewController.h */,
				6EFF7F4B1403CCF20090D802 /* PRPDirectionsEditorViewController.m */,
				6E60D0C21434CF4600E175EC /* PRPRecipesDocument.h */,
				6E60D0C31434CF4600E175EC /* PRPRecipesDocument.m */,
				6EDD0D5A143AA1A7005ABC5C /* PRPRecipeEditorDelegate.h */,
			);
			path = Recipes;
			sourceTree = "<group>";
		};
		6EC6E6A013FB522C00DB4C3A /* Supporting Files */ = {
			isa = PBXGroup;
			children = (
				6E45226214278BA600A7C348 /* Recipes-Info.plist */,
				6EC6E6A213FB522C00DB4C3A /* InfoPlist.strings */,
				6EC6E6A513FB522C00DB4C3A /* main.m */,
				6EC6E6A713FB522C00DB4C3A /* Recipes-Prefix.pch */,
			);
			name = "Supporting Files";
			sourceTree = "<group>";
		};
		A79E36F215BD9EF000FAE3E0 /* RecipeUnitTests */ = {
			isa = PBXGroup;
			children = (
				A79E36F815BD9EF000FAE3E0 /* RecipeUnitTests.h */,
				A79E36F915BD9EF000FAE3E0 /* RecipeUnitTests.m */,
				A79E36F315BD9EF000FAE3E0 /* Supporting Files */,
			);
			path = RecipeUnitTests;
			sourceTree = "<group>";
		};
		A79E36F315BD9EF000FAE3E0 /* Supporting Files */ = {
			isa = PBXGroup;
			children = (
				A79E36F415BD9EF000FAE3E0 /* RecipeUnitTests-Info.plist */,
				A79E36F515BD9EF000FAE3E0 /* InfoPlist.strings */,
				A79E36FB15BD9EF000FAE3E0 /* RecipeUnitTests-Prefix.pch */,
			);
			name = "Supporting Files";
			sourceTree = "<group>";
		};
/* End PBXGroup section */

/* Begin PBXNativeTarget section */
		6EC6E69613FB522C00DB4C3A /* Recipes */ = {
			isa = PBXNativeTarget;
			buildConfigurationList = 6EC6E6B313FB522C00DB4C3A /* Build configuration list for PBXNativeTarget "Recipes" */;
			buildPhases = (
				6EC6E69313FB522C00DB4C3A /* Sources */,
				6EC6E69413FB522C00DB4C3A /* Frameworks */,
				6EC6E69513FB522C00DB4C3A /* Resources */,
			);
			buildRules = (
			);
			dependencies = (
			);
			name = Recipes;
			productName = Recipes;
			productReference = 6EC6E69713FB522C00DB4C3A /* Recipes.app */;
			productType = "com.apple.product-type.application";
		};
		A79E36EC15BD9EF000FAE3E0 /* RecipeUnitTests */ = {
			isa = PBXNativeTarget;
			buildConfigurationList = A79E36FE15BD9EF000FAE3E0 /* Build configuration list for PBXNativeTarget "RecipeUnitTests" */;
			buildPhases = (
				A79E36E815BD9EF000FAE3E0 /* Sources */,
				A79E36E915BD9EF000FAE3E0 /* Frameworks */,
				A79E36EA15BD9EF000FAE3E0 /* Resources */,
				A79E36EB15BD9EF000FAE3E0 /* ShellScript */,
			);
			buildRules = (
			);
			dependencies = (
				A79E370115BDA16C00FAE3E0 /* PBXTargetDependency */,
			);
			name = RecipeUnitTests;
			productName = RecipeUnitTests;
			productReference = A79E36ED15BD9EF000FAE3E0 /* RecipeUnitTests.octest */;
			productType = "com.apple.product-type.bundle";
		};
/* End PBXNativeTarget section */

/* Begin PBXProject section */
		6EC6E68E13FB522C00DB4C3A /* Project object */ = {
			isa = PBXProject;
			attributes = {
				LastUpgradeCheck = 0420;
				ORGANIZATIONNAME = "Gala Factory Software LLC";
			};
			buildConfigurationList = 6EC6E69113FB522C00DB4C3A /* Build configuration list for PBXProject "Recipes" */;
			compatibilityVersion = "Xcode 3.2";
			developmentRegion = English;
			hasScannedForEncodings = 0;
			knownRegions = (
				en,
			);
			mainGroup = 6EC6E68C13FB522C00DB4C3A;
			productRefGroup = 6EC6E69813FB522C00DB4C3A /* Products */;
			projectDirPath = "";
			projectRoot = "";
			targets = (
				6EC6E69613FB522C00DB4C3A /* Recipes */,
				A79E36EC15BD9EF000FAE3E0 /* RecipeUnitTests */,
			);
		};
/* End PBXProject section */

/* Begin PBXResourcesBuildPhase section */
		6EC6E69513FB522C00DB4C3A /* Resources */ = {
			isa = PBXResourcesBuildPhase;
			buildActionMask = 2147483647;
			files = (
				6EC6E6A413FB522C00DB4C3A /* InfoPlist.strings in Resources */,
				6EC6E6C413FB526A00DB4C3A /* IMG_1948.jpg in Resources */,
				6EC6E6CB13FB528C00DB4C3A /* MainStoryboard.storyboard in Resources */,
				6E726117142769A9009B7B86 /* TapToChoose.png in Resources */,
				A7D492AA15B988E0001B46EE /* wood.png in Resources */,
			);
			runOnlyForDeploymentPostprocessing = 0;
		};
		A79E36EA15BD9EF000FAE3E0 /* Resources */ = {
			isa = PBXResourcesBuildPhase;
			buildActionMask = 2147483647;
			files = (
				A79E36F715BD9EF000FAE3E0 /* InfoPlist.strings in Resources */,
			);
			runOnlyForDeploymentPostprocessing = 0;
		};
/* End PBXResourcesBuildPhase section */

/* Begin PBXShellScriptBuildPhase section */
		A79E36EB15BD9EF000FAE3E0 /* ShellScript */ = {
			isa = PBXShellScriptBuildPhase;
			buildActionMask = 2147483647;
			files = (
			);
			inputPaths = (
			);
			outputPaths = (
			);
			runOnlyForDeploymentPostprocessing = 0;
			shellPath = /bin/sh;
			shellScript = "# Run the unit tests in this test bundle.\n\"${SYSTEM_DEVELOPER_DIR}/Tools/RunUnitTests\"\n";
		};
/* End PBXShellScriptBuildPhase section */

/* Begin PBXSourcesBuildPhase section */
		6EC6E69313FB522C00DB4C3A /* Sources */ = {
			isa = PBXSourcesBuildPhase;
			buildActionMask = 2147483647;
			files = (
				6EC6E6A613FB522C00DB4C3A /* main.m in Sources */,
				6EC6E6AA13FB522C00DB4C3A /* PRPAppDelegate.m in Sources */,
				6EC6E6C513FB526A00DB4C3A /* PRPRecipe.m in Sources */,
				6EC6E6C613FB526A00DB4C3A /* PRPRecipesListViewController.m in Sources */,
				6EC6E6C813FB526A00DB4C3A /* PRPViewController.m in Sources */,
				6EC3F65A1401324400B8CAC7 /* PRPRecipeEditorViewController.m in Sources */,
				6EFF7F4C1403CCF20090D802 /* PRPDirectionsEditorViewController.m in Sources */,
				6E60D0C41434CF4600E175EC /* PRPRecipesDocument.m in Sources */,
			);
			runOnlyForDeploymentPostprocessing = 0;
		};
		A79E36E815BD9EF000FAE3E0 /* Sources */ = {
			isa = PBXSourcesBuildPhase;
			buildActionMask = 2147483647;
			files = (
				A79E36FA15BD9EF000FAE3E0 /* RecipeUnitTests.m in Sources */,
			);
			runOnlyForDeploymentPostprocessing = 0;
		};
/* End PBXSourcesBuildPhase section */

/* Begin PBXTargetDependency section */
		A79E370115BDA16C00FAE3E0 /* PBXTargetDependency */ = {
			isa = PBXTargetDependency;
			target = 6EC6E69613FB522C00DB4C3A /* Recipes */;
			targetProxy = A79E370015BDA16C00FAE3E0 /* PBXContainerItemProxy */;
		};
/* End PBXTargetDependency section */

/* Begin PBXVariantGroup section */
		6EC6E6A213FB522C00DB4C3A /* InfoPlist.strings */ = {
			isa = PBXVariantGroup;
			children = (
				6EC6E6A313FB522C00DB4C3A /* en */,
			);
			name = InfoPlist.strings;
			sourceTree = "<group>";
		};
		A79E36F515BD9EF000FAE3E0 /* InfoPlist.strings */ = {
			isa = PBXVariantGroup;
			children = (
				A79E36F615BD9EF000FAE3E0 /* en */,
			);
			name = InfoPlist.strings;
			sourceTree = "<group>";
		};
/* End PBXVariantGroup section */

/* Begin XCBuildConfiguration section */
		6EC6E6B113FB522C00DB4C3A /* Debug */ = {
			isa = XCBuildConfiguration;
			buildSettings = {
				ALWAYS_SEARCH_USER_PATHS = NO;
				ARCHS = "$(ARCHS_STANDARD_32_BIT)";
				CLANG_ENABLE_OBJC_ARC = YES;
				"CODE_SIGN_IDENTITY[sdk=iphoneos*]" = "iPhone Developer";
				COPY_PHASE_STRIP = NO;
				GCC_C_LANGUAGE_STANDARD = gnu99;
				GCC_DYNAMIC_NO_PIC = NO;
				GCC_OPTIMIZATION_LEVEL = 0;
				GCC_PREPROCESSOR_DEFINITIONS = (
					"DEBUG=1",
					"$(inherited)",
				);
				GCC_SYMBOLS_PRIVATE_EXTERN = NO;
				GCC_VERSION = com.apple.compilers.llvm.clang.1_0;
				GCC_WARN_ABOUT_MISSING_PROTOTYPES = YES;
				GCC_WARN_ABOUT_RETURN_TYPE = YES;
				GCC_WARN_UNUSED_VARIABLE = YES;
				IPHONEOS_DEPLOYMENT_TARGET = 5.0;
				SDKROOT = iphoneos;
			};
			name = Debug;
		};
		6EC6E6B213FB522C00DB4C3A /* Release */ = {
			isa = XCBuildConfiguration;
			buildSettings = {
				ALWAYS_SEARCH_USER_PATHS = NO;
				ARCHS = "$(ARCHS_STANDARD_32_BIT)";
				CLANG_ENABLE_OBJC_ARC = YES;
				"CODE_SIGN_IDENTITY[sdk=iphoneos*]" = "iPhone Developer";
				COPY_PHASE_STRIP = YES;
				GCC_C_LANGUAGE_STANDARD = gnu99;
				GCC_VERSION = com.apple.compilers.llvm.clang.1_0;
				GCC_WARN_ABOUT_MISSING_PROTOTYPES = YES;
				GCC_WARN_ABOUT_RETURN_TYPE = YES;
				GCC_WARN_UNUSED_VARIABLE = YES;
				IPHONEOS_DEPLOYMENT_TARGET = 5.0;
				OTHER_CFLAGS = "-DNS_BLOCK_ASSERTIONS=1";
				SDKROOT = iphoneos;
				VALIDATE_PRODUCT = YES;
			};
			name = Release;
		};
		6EC6E6B413FB522C00DB4C3A /* Debug */ = {
			isa = XCBuildConfiguration;
			buildSettings = {
				GCC_PRECOMPILE_PREFIX_HEADER = YES;
				GCC_PREFIX_HEADER = "Recipes/Recipes-Prefix.pch";
				INFOPLIST_FILE = "Recipes/Recipes-Info.plist";
				PRODUCT_NAME = Recipes;
				WRAPPER_EXTENSION = app;
			};
			name = Debug;
		};
		6EC6E6B513FB522C00DB4C3A /* Release */ = {
			isa = XCBuildConfiguration;
			buildSettings = {
				GCC_PRECOMPILE_PREFIX_HEADER = YES;
				GCC_PREFIX_HEADER = "Recipes/Recipes-Prefix.pch";
				INFOPLIST_FILE = "Recipes/Recipes-Info.plist";
				PRODUCT_NAME = Recipes;
				WRAPPER_EXTENSION = app;
			};
			name = Release;
		};
		A79E36FC15BD9EF000FAE3E0 /* Debug */ = {
			isa = XCBuildConfiguration;
			buildSettings = {
				BUNDLE_LOADER = "$(BUILT_PRODUCTS_DIR)/Recipes.app/Recipes";
				FRAMEWORK_SEARCH_PATHS = (
					"$(SDKROOT)/Developer/Library/Frameworks",
					"$(DEVELOPER_LIBRARY_DIR)/Frameworks",
				);
				GCC_PRECOMPILE_PREFIX_HEADER = YES;
				GCC_PREFIX_HEADER = "RecipeUnitTests/RecipeUnitTests-Prefix.pch";
				GCC_WARN_UNINITIALIZED_AUTOS = YES;
				INFOPLIST_FILE = "RecipeUnitTests/RecipeUnitTests-Info.plist";
				IPHONEOS_DEPLOYMENT_TARGET = 5.1;
				PRODUCT_NAME = "$(TARGET_NAME)";
				TEST_HOST = "${BUNDLE_LOADER}";
				WRAPPER_EXTENSION = octest;
			};
			name = Debug;
		};
		A79E36FD15BD9EF000FAE3E0 /* Release */ = {
			isa = XCBuildConfiguration;
			buildSettings = {
				BUNDLE_LOADER = "$(BUILT_PRODUCTS_DIR)/Recipes.app/Recipes";
				FRAMEWORK_SEARCH_PATHS = (
					"$(SDKROOT)/Developer/Library/Frameworks",
					"$(DEVELOPER_LIBRARY_DIR)/Frameworks",
				);
				GCC_PRECOMPILE_PREFIX_HEADER = YES;
				GCC_PREFIX_HEADER = "RecipeUnitTests/RecipeUnitTests-Prefix.pch";
				GCC_WARN_UNINITIALIZED_AUTOS = YES;
				INFOPLIST_FILE = "RecipeUnitTests/RecipeUnitTests-Info.plist";
				IPHONEOS_DEPLOYMENT_TARGET = 5.1;
				PRODUCT_NAME = "$(TARGET_NAME)";
				TEST_HOST = "${BUNDLE_LOADER}";
				WRAPPER_EXTENSION = octest;
			};
			name = Release;
		};
/* End XCBuildConfiguration section */

/* Begin XCConfigurationList section */
		6EC6E69113FB522C00DB4C3A /* Build configuration list for PBXProject "Recipes" */ = {
			isa = XCConfigurationList;
			buildConfigurations = (
				6EC6E6B113FB522C00DB4C3A /* Debug */,
				6EC6E6B213FB522C00DB4C3A /* Release */,
			);
			defaultConfigurationIsVisible = 0;
			defaultConfigurationName = Release;
		};
		6EC6E6B313FB522C00DB4C3A /* Build configuration list for PBXNativeTarget "Recipes" */ = {
			isa = XCConfigurationList;
			buildConfigurations = (
				6EC6E6B413FB522C00DB4C3A /* Debug */,
				6EC6E6B513FB522C00DB4C3A /* Release */,
			);
			defaultConfigurationIsVisible = 0;
			defaultConfigurationName = Release;
		};
		A79E36FE15BD9EF000FAE3E0 /* Build configuration list for PBXNativeTarget "RecipeUnitTests" */ = {
			isa = XCConfigurationList;
			buildConfigurations = (
				A79E36FC15BD9EF000FAE3E0 /* Debug */,
				A79E36FD15BD9EF000FAE3E0 /* Release */,
			);
			defaultConfigurationIsVisible = 0;
		};
/* End XCConfigurationList section */
	};
	rootObject = 6EC6E68E13FB522C00DB4C3A /* Project object */;
}
