// !$*UTF8*$!
{
	archiveVersion = 1;
	classes = {
	};
	objectVersion = 46;
	objects = {

/* Begin PBXBuildFile section */
		9C053C98159DF6BA0018F43A /* PRPRecipeEditorViewController.m in Sources */ = {isa = PBXBuildFile; fileRef = 9C053C97159DF6BA0018F43A /* PRPRecipeEditorViewController.m */; };
		9C9B6163159C9A73000F5561 /* UIKit.framework in Frameworks */ = {isa = PBXBuildFile; fileRef = 9C9B6162159C9A73000F5561 /* UIKit.framework */; };
		9C9B6165159C9A73000F5561 /* Foundation.framework in Frameworks */ = {isa = PBXBuildFile; fileRef = 9C9B6164159C9A73000F5561 /* Foundation.framework */; };
		9C9B616D159C9A73000F5561 /* InfoPlist.strings in Resources */ = {isa = PBXBuildFile; fileRef = 9C9B616B159C9A73000F5561 /* InfoPlist.strings */; };
		9C9B616F159C9A73000F5561 /* main.m in Sources */ = {isa = PBXBuildFile; fileRef = 9C9B616E159C9A73000F5561 /* main.m */; };
		9C9B6173159C9A73000F5561 /* PRPAppDelegate.m in Sources */ = {isa = PBXBuildFile; fileRef = 9C9B6172159C9A73000F5561 /* PRPAppDelegate.m */; };
		9C9B6176159C9A73000F5561 /* MainStoryboard.storyboard in Resources */ = {isa = PBXBuildFile; fileRef = 9C9B6174159C9A73000F5561 /* MainStoryboard.storyboard */; };
		9C9B618D159C9B4D000F5561 /* PRPRecipe.m in Sources */ = {isa = PBXBuildFile; fileRef = 9C9B6184159C9B4D000F5561 /* PRPRecipe.m */; };
		9C9B618E159C9B4D000F5561 /* PRPRecipesListViewController.m in Sources */ = {isa = PBXBuildFile; fileRef = 9C9B6186159C9B4D000F5561 /* PRPRecipesListViewController.m */; };
		9C9B618F159C9B4D000F5561 /* PRPViewController.m in Sources */ = {isa = PBXBuildFile; fileRef = 9C9B6188159C9B4D000F5561 /* PRPViewController.m */; };
		9CFADBA815A1DB360053471C /* PRPDirectionsEditorViewController.m in Sources */ = {isa = PBXBuildFile; fileRef = 9CFADBA715A1DB360053471C /* PRPDirectionsEditorViewController.m */; };
		9CFADBBC15A324E40053471C /* TapToChoose.png in Resources */ = {isa = PBXBuildFile; fileRef = 9CFADBBB15A324E40053471C /* TapToChoose.png */; };
		A73F2F0F15A71B9A00086B2B /* PRPRecipesDocument.m in Sources */ = {isa = PBXBuildFile; fileRef = A73F2F0E15A71B9A00086B2B /* PRPRecipesDocument.m */; };
		A7B001BA15AF0BA800A401EB /* MessageUI.framework in Frameworks */ = {isa = PBXBuildFile; fileRef = A7B001B915AF0BA800A401EB /* MessageUI.framework */; };
		A7B213BC15A5E28D000DE18C /* IMG_1948.jpg in Resources */ = {isa = PBXBuildFile; fileRef = A7B213BB15A5E28D000DE18C /* IMG_1948.jpg */; };
/* End PBXBuildFile section */

/* Begin PBXFileReference section */
		9C053C96159DF6BA0018F43A /* PRPRecipeEditorViewController.h */ = {isa = PBXFileReference; fileEncoding = 4; lastKnownFileType = sourcecode.c.h; path = PRPRecipeEditorViewController.h; sourceTree = "<group>"; };
		9C053C97159DF6BA0018F43A /* PRPRecipeEditorViewController.m */ = {isa = PBXFileReference; fileEncoding = 4; lastKnownFileType = sourcecode.c.objc; path = PRPRecipeEditorViewController.m; sourceTree = "<group>"; };
		9C9B615E159C9A73000F5561 /* StoryboardRecipes.app */ = {isa = PBXFileReference; explicitFileType = wrapper.application; includeInIndex = 0; path = StoryboardRecipes.app; sourceTree = BUILT_PRODUCTS_DIR; };
		9C9B6162159C9A73000F5561 /* UIKit.framework */ = {isa = PBXFileReference; lastKnownFileType = wrapper.framework; name = UIKit.framework; path = System/Library/Frameworks/UIKit.framework; sourceTree = SDKROOT; };
		9C9B6164159C9A73000F5561 /* Foundation.framework */ = {isa = PBXFileReference; lastKnownFileType = wrapper.framework; name = Foundation.framework; path = System/Library/Frameworks/Foundation.framework; sourceTree = SDKROOT; };
		9C9B6166159C9A73000F5561 /* CoreGraphics.framework */ = {isa = PBXFileReference; lastKnownFileType = wrapper.framework; name = CoreGraphics.framework; path = System/Library/Frameworks/CoreGraphics.framework; sourceTree = SDKROOT; };
		9C9B616A159C9A73000F5561 /* StoryboardRecipes-Info.plist */ = {isa = PBXFileReference; lastKnownFileType = text.plist.xml; path = "StoryboardRecipes-Info.plist"; sourceTree = "<group>"; };
		9C9B616C159C9A73000F5561 /* en */ = {isa = PBXFileReference; lastKnownFileType = text.plist.strings; name = en; path = en.lproj/InfoPlist.strings; sourceTree = "<group>"; };
		9C9B616E159C9A73000F5561 /* main.m */ = {isa = PBXFileReference; lastKnownFileType = sourcecode.c.objc; path = main.m; sourceTree = "<group>"; };
		9C9B6170159C9A73000F5561 /* StoryboardRecipes-Prefix.pch */ = {isa = PBXFileReference; lastKnownFileType = sourcecode.c.h; path = "StoryboardRecipes-Prefix.pch"; sourceTree = "<group>"; };
		9C9B6171159C9A73000F5561 /* PRPAppDelegate.h */ = {isa = PBXFileReference; lastKnownFileType = sourcecode.c.h; path = PRPAppDelegate.h; sourceTree = "<group>"; };
		9C9B6172159C9A73000F5561 /* PRPAppDelegate.m */ = {isa = PBXFileReference; lastKnownFileType = sourcecode.c.objc; path = PRPAppDelegate.m; sourceTree = "<group>"; };
		9C9B6175159C9A73000F5561 /* en */ = {isa = PBXFileReference; lastKnownFileType = file.storyboard; name = en; path = en.lproj/MainStoryboard.storyboard; sourceTree = "<group>"; };
		9C9B6183159C9B4D000F5561 /* PRPRecipe.h */ = {isa = PBXFileReference; fileEncoding = 4; lastKnownFileType = sourcecode.c.h; name = PRPRecipe.h; path = ../PRPRecipe.h; sourceTree = "<group>"; };
		9C9B6184159C9B4D000F5561 /* PRPRecipe.m */ = {isa = PBXFileReference; fileEncoding = 4; lastKnownFileType = sourcecode.c.objc; name = PRPRecipe.m; path = ../PRPRecipe.m; sourceTree = "<group>"; };
		9C9B6185159C9B4D000F5561 /* PRPRecipesListViewController.h */ = {isa = PBXFileReference; fileEncoding = 4; lastKnownFileType = sourcecode.c.h; name = PRPRecipesListViewController.h; path = ../PRPRecipesListViewController.h; sourceTree = "<group>"; };
		9C9B6186159C9B4D000F5561 /* PRPRecipesListViewController.m */ = {isa = PBXFileReference; fileEncoding = 4; lastKnownFileType = sourcecode.c.objc; name = PRPRecipesListViewController.m; path = ../PRPRecipesListViewController.m; sourceTree = "<group>"; };
		9C9B6187159C9B4D000F5561 /* PRPViewController.h */ = {isa = PBXFileReference; fileEncoding = 4; lastKnownFileType = sourcecode.c.h; name = PRPViewController.h; path = ../PRPViewController.h; sourceTree = "<group>"; };
		9C9B6188159C9B4D000F5561 /* PRPViewController.m */ = {isa = PBXFileReference; fileEncoding = 4; lastKnownFileType = sourcecode.c.objc; name = PRPViewController.m; path = ../PRPViewController.m; sourceTree = "<group>"; };
		9C9B6189159C9B4D000F5561 /* PRPRecipesListDataSource.h */ = {isa = PBXFileReference; fileEncoding = 4; lastKnownFileType = sourcecode.c.h; name = PRPRecipesListDataSource.h; path = ../PRPRecipesListDataSource.h; sourceTree = "<group>"; };
		9CFADBA615A1DB360053471C /* PRPDirectionsEditorViewController.h */ = {isa = PBXFileReference; fileEncoding = 4; lastKnownFileType = sourcecode.c.h; path = PRPDirectionsEditorViewController.h; sourceTree = "<group>"; };
		9CFADBA715A1DB360053471C /* PRPDirectionsEditorViewController.m */ = {isa = PBXFileReference; fileEncoding = 4; lastKnownFileType = sourcecode.c.objc; path = PRPDirectionsEditorViewController.m; sourceTree = "<group>"; };
		9CFADBBB15A324E40053471C /* TapToChoose.png */ = {isa = PBXFileReference; lastKnownFileType = image.png; name = TapToChoose.png; path = ../TapToChoose.png; sourceTree = "<group>"; };
		A73F2F0D15A71B9A00086B2B /* PRPRecipesDocument.h */ = {isa = PBXFileReference; fileEncoding = 4; lastKnownFileType = sourcecode.c.h; path = PRPRecipesDocument.h; sourceTree = "<group>"; };
		A73F2F0E15A71B9A00086B2B /* PRPRecipesDocument.m */ = {isa = PBXFileReference; fileEncoding = 4; lastKnownFileType = sourcecode.c.objc; path = PRPRecipesDocument.m; sourceTree = "<group>"; wrapsLines = 1; };
		A73F2F1115A74E4E00086B2B /* PRPRecipeEditorDelegate.h */ = {isa = PBXFileReference; fileEncoding = 4; lastKnownFileType = sourcecode.c.h; path = PRPRecipeEditorDelegate.h; sourceTree = "<group>"; };
		A73F2F1615A75BB400086B2B /* PRPDirectionsEditorDelegate.h */ = {isa = PBXFileReference; fileEncoding = 4; lastKnownFileType = sourcecode.c.h; path = PRPDirectionsEditorDelegate.h; sourceTree = "<group>"; };
		A7B001B915AF0BA800A401EB /* MessageUI.framework */ = {isa = PBXFileReference; lastKnownFileType = wrapper.framework; name = MessageUI.framework; path = System/Library/Frameworks/MessageUI.framework; sourceTree = SDKROOT; };
		A7B213BB15A5E28D000DE18C /* IMG_1948.jpg */ = {isa = PBXFileReference; lastKnownFileType = image.jpeg; path = IMG_1948.jpg; sourceTree = "<group>"; };
/* End PBXFileReference section */

/* Begin PBXFrameworksBuildPhase section */
		9C9B615B159C9A73000F5561 /* Frameworks */ = {
			isa = PBXFrameworksBuildPhase;
			buildActionMask = 2147483647;
			files = (
				A7B001BA15AF0BA800A401EB /* MessageUI.framework in Frameworks */,
				9C9B6163159C9A73000F5561 /* UIKit.framework in Frameworks */,
				9C9B6165159C9A73000F5561 /* Foundation.framework in Frameworks */,
			);
			runOnlyForDeploymentPostprocessing = 0;
		};
/* End PBXFrameworksBuildPhase section */

/* Begin PBXGroup section */
		9C9B6153159C9A73000F5561 = {
			isa = PBXGroup;
			children = (
				A7B001B915AF0BA800A401EB /* MessageUI.framework */,
				9C9B6168159C9A73000F5561 /* StoryboardRecipes */,
				9C9B6161159C9A73000F5561 /* Frameworks */,
				9C9B615F159C9A73000F5561 /* Products */,
			);
			sourceTree = "<group>";
		};
		9C9B615F159C9A73000F5561 /* Products */ = {
			isa = PBXGroup;
			children = (
				9C9B615E159C9A73000F5561 /* StoryboardRecipes.app */,
			);
			name = Products;
			sourceTree = "<group>";
		};
		9C9B6161159C9A73000F5561 /* Frameworks */ = {
			isa = PBXGroup;
			children = (
				9C9B6162159C9A73000F5561 /* UIKit.framework */,
				9C9B6164159C9A73000F5561 /* Foundation.framework */,
				9C9B6166159C9A73000F5561 /* CoreGraphics.framework */,
			);
			name = Frameworks;
			sourceTree = "<group>";
		};
		9C9B6168159C9A73000F5561 /* StoryboardRecipes */ = {
			isa = PBXGroup;
			children = (
				9CFADBBB15A324E40053471C /* TapToChoose.png */,
				A7B213BB15A5E28D000DE18C /* IMG_1948.jpg */,
				9C9B6183159C9B4D000F5561 /* PRPRecipe.h */,
				9C9B6184159C9B4D000F5561 /* PRPRecipe.m */,
				9C9B6189159C9B4D000F5561 /* PRPRecipesListDataSource.h */,
				9C9B6185159C9B4D000F5561 /* PRPRecipesListViewController.h */,
				9C9B6186159C9B4D000F5561 /* PRPRecipesListViewController.m */,
				9C9B6187159C9B4D000F5561 /* PRPViewController.h */,
				9C9B6188159C9B4D000F5561 /* PRPViewController.m */,
				9C9B6171159C9A73000F5561 /* PRPAppDelegate.h */,
				9C9B6172159C9A73000F5561 /* PRPAppDelegate.m */,
				9C9B6174159C9A73000F5561 /* MainStoryboard.storyboard */,
				9C9B6169159C9A73000F5561 /* Supporting Files */,
				9C053C96159DF6BA0018F43A /* PRPRecipeEditorViewController.h */,
				9C053C97159DF6BA0018F43A /* PRPRecipeEditorViewController.m */,
				A73F2F1615A75BB400086B2B /* PRPDirectionsEditorDelegate.h */,
				9CFADBA615A1DB360053471C /* PRPDirectionsEditorViewController.h */,
				9CFADBA715A1DB360053471C /* PRPDirectionsEditorViewController.m */,
				A73F2F0D15A71B9A00086B2B /* PRPRecipesDocument.h */,
				A73F2F0E15A71B9A00086B2B /* PRPRecipesDocument.m */,
				A73F2F1115A74E4E00086B2B /* PRPRecipeEditorDelegate.h */,
			);
			path = StoryboardRecipes;
			sourceTree = "<group>";
		};
		9C9B6169159C9A73000F5561 /* Supporting Files */ = {
			isa = PBXGroup;
			children = (
				9C9B616A159C9A73000F5561 /* StoryboardRecipes-Info.plist */,
				9C9B616B159C9A73000F5561 /* InfoPlist.strings */,
				9C9B616E159C9A73000F5561 /* main.m */,
				9C9B6170159C9A73000F5561 /* StoryboardRecipes-Prefix.pch */,
			);
			name = "Supporting Files";
			sourceTree = "<group>";
		};
/* End PBXGroup section */

/* Begin PBXNativeTarget section */
		9C9B615D159C9A73000F5561 /* StoryboardRecipes */ = {
			isa = PBXNativeTarget;
			buildConfigurationList = 9C9B617C159C9A74000F5561 /* Build configuration list for PBXNativeTarget "StoryboardRecipes" */;
			buildPhases = (
				9C9B615A159C9A73000F5561 /* Sources */,
				9C9B615B159C9A73000F5561 /* Frameworks */,
				9C9B615C159C9A73000F5561 /* Resources */,
			);
			buildRules = (
			);
			dependencies = (
			);
			name = StoryboardRecipes;
			productName = StoryboardRecipes;
			productReference = 9C9B615E159C9A73000F5561 /* StoryboardRecipes.app */;
			productType = "com.apple.product-type.application";
		};
/* End PBXNativeTarget section */

/* Begin PBXProject section */
		9C9B6155159C9A73000F5561 /* Project object */ = {
			isa = PBXProject;
			attributes = {
				CLASSPREFIX = PRP;
				LastUpgradeCheck = 0430;
			};
			buildConfigurationList = 9C9B6158159C9A73000F5561 /* Build configuration list for PBXProject "StoryboardRecipes" */;
			compatibilityVersion = "Xcode 3.2";
			developmentRegion = English;
			hasScannedForEncodings = 0;
			knownRegions = (
				en,
			);
			mainGroup = 9C9B6153159C9A73000F5561;
			productRefGroup = 9C9B615F159C9A73000F5561 /* Products */;
			projectDirPath = "";
			projectRoot = "";
			targets = (
				9C9B615D159C9A73000F5561 /* StoryboardRecipes */,
			);
		};
/* End PBXProject section */

/* Begin PBXResourcesBuildPhase section */
		9C9B615C159C9A73000F5561 /* Resources */ = {
			isa = PBXResourcesBuildPhase;
			buildActionMask = 2147483647;
			files = (
				9C9B616D159C9A73000F5561 /* InfoPlist.strings in Resources */,
				9C9B6176159C9A73000F5561 /* MainStoryboard.storyboard in Resources */,
				9CFADBBC15A324E40053471C /* TapToChoose.png in Resources */,
				A7B213BC15A5E28D000DE18C /* IMG_1948.jpg in Resources */,
			);
			runOnlyForDeploymentPostprocessing = 0;
		};
/* End PBXResourcesBuildPhase section */

/* Begin PBXSourcesBuildPhase section */
		9C9B615A159C9A73000F5561 /* Sources */ = {
			isa = PBXSourcesBuildPhase;
			buildActionMask = 2147483647;
			files = (
				9C9B616F159C9A73000F5561 /* main.m in Sources */,
				9C9B6173159C9A73000F5561 /* PRPAppDelegate.m in Sources */,
				9C9B618D159C9B4D000F5561 /* PRPRecipe.m in Sources */,
				9C9B618E159C9B4D000F5561 /* PRPRecipesListViewController.m in Sources */,
				9C9B618F159C9B4D000F5561 /* PRPViewController.m in Sources */,
				9C053C98159DF6BA0018F43A /* PRPRecipeEditorViewController.m in Sources */,
				9CFADBA815A1DB360053471C /* PRPDirectionsEditorViewController.m in Sources */,
				A73F2F0F15A71B9A00086B2B /* PRPRecipesDocument.m in Sources */,
			);
			runOnlyForDeploymentPostprocessing = 0;
		};
/* End PBXSourcesBuildPhase section */

/* Begin PBXVariantGroup section */
		9C9B616B159C9A73000F5561 /* InfoPlist.strings */ = {
			isa = PBXVariantGroup;
			children = (
				9C9B616C159C9A73000F5561 /* en */,
			);
			name = InfoPlist.strings;
			sourceTree = "<group>";
		};
		9C9B6174159C9A73000F5561 /* MainStoryboard.storyboard */ = {
			isa = PBXVariantGroup;
			children = (
				9C9B6175159C9A73000F5561 /* en */,
			);
			name = MainStoryboard.storyboard;
			sourceTree = "<group>";
		};
/* End PBXVariantGroup section */

/* Begin XCBuildConfiguration section */
		9C9B617A159C9A74000F5561 /* Debug */ = {
			isa = XCBuildConfiguration;
			buildSettings = {
				ALWAYS_SEARCH_USER_PATHS = NO;
				ARCHS = "$(ARCHS_STANDARD_32_BIT)";
				CLANG_ENABLE_OBJC_ARC = YES;
				"CODE_SIGN_IDENTITY[sdk=iphoneos*]" = "iPhone Developer";
				COPY_PHASE_STRIP = NO;
				GCC_C_LANGUAGE_STANDARD = gnu99;
				GCC_DYNAMIC_NO_PIC = NO;
				GCC_OPTIMIZATION_LEVEL = 0;
				GCC_PREPROCESSOR_DEFINITIONS = (
					"DEBUG=1",
					"$(inherited)",
				);
				GCC_SYMBOLS_PRIVATE_EXTERN = NO;
				GCC_VERSION = com.apple.compilers.llvm.clang.1_0;
				GCC_WARN_ABOUT_RETURN_TYPE = YES;
				GCC_WARN_UNINITIALIZED_AUTOS = YES;
				GCC_WARN_UNUSED_VARIABLE = YES;
				IPHONEOS_DEPLOYMENT_TARGET = 5.1;
				SDKROOT = iphoneos;
			};
			name = Debug;
		};
		9C9B617B159C9A74000F5561 /* Release */ = {
			isa = XCBuildConfiguration;
			buildSettings = {
				ALWAYS_SEARCH_USER_PATHS = NO;
				ARCHS = "$(ARCHS_STANDARD_32_BIT)";
				CLANG_ENABLE_OBJC_ARC = YES;
				"CODE_SIGN_IDENTITY[sdk=iphoneos*]" = "iPhone Developer";
				COPY_PHASE_STRIP = YES;
				GCC_C_LANGUAGE_STANDARD = gnu99;
				GCC_VERSION = com.apple.compilers.llvm.clang.1_0;
				GCC_WARN_ABOUT_RETURN_TYPE = YES;
				GCC_WARN_UNINITIALIZED_AUTOS = YES;
				GCC_WARN_UNUSED_VARIABLE = YES;
				IPHONEOS_DEPLOYMENT_TARGET = 5.1;
				OTHER_CFLAGS = "-DNS_BLOCK_ASSERTIONS=1";
				SDKROOT = iphoneos;
				VALIDATE_PRODUCT = YES;
			};
			name = Release;
		};
		9C9B617D159C9A74000F5561 /* Debug */ = {
			isa = XCBuildConfiguration;
			buildSettings = {
				GCC_PRECOMPILE_PREFIX_HEADER = YES;
				GCC_PREFIX_HEADER = "StoryboardRecipes/StoryboardRecipes-Prefix.pch";
				INFOPLIST_FILE = "StoryboardRecipes/StoryboardRecipes-Info.plist";
				PRODUCT_NAME = "$(TARGET_NAME)";
				WRAPPER_EXTENSION = app;
			};
			name = Debug;
		};
		9C9B617E159C9A74000F5561 /* Release */ = {
			isa = XCBuildConfiguration;
			buildSettings = {
				GCC_PRECOMPILE_PREFIX_HEADER = YES;
				GCC_PREFIX_HEADER = "StoryboardRecipes/StoryboardRecipes-Prefix.pch";
				INFOPLIST_FILE = "StoryboardRecipes/StoryboardRecipes-Info.plist";
				PRODUCT_NAME = "$(TARGET_NAME)";
				WRAPPER_EXTENSION = app;
			};
			name = Release;
		};
/* End XCBuildConfiguration section */

/* Begin XCConfigurationList section */
		9C9B6158159C9A73000F5561 /* Build configuration list for PBXProject "StoryboardRecipes" */ = {
			isa = XCConfigurationList;
			buildConfigurations = (
				9C9B617A159C9A74000F5561 /* Debug */,
				9C9B617B159C9A74000F5561 /* Release */,
			);
			defaultConfigurationIsVisible = 0;
			defaultConfigurationName = Release;
		};
		9C9B617C159C9A74000F5561 /* Build configuration list for PBXNativeTarget "StoryboardRecipes" */ = {
			isa = XCConfigurationList;
			buildConfigurations = (
				9C9B617D159C9A74000F5561 /* Debug */,
				9C9B617E159C9A74000F5561 /* Release */,
			);
			defaultConfigurationIsVisible = 0;
			defaultConfigurationName = Release;
		};
/* End XCConfigurationList section */
	};
	rootObject = 9C9B6155159C9A73000F5561 /* Project object */;
}
